
Microsoft Visual Studio Solution File, Format Version 12.00
# Visual Studio Version 16
VisualStudioVersion = 16.0.30204.135
MinimumVisualStudioVersion = 10.0.40219.1
Project("{FAE04EC0-301F-11D3-BF4B-00C04F79EFBC}") = "InternetBanking", "InternetBanking\InternetBanking.csproj", "{5BFCCBCF-CB07-4CB5-9264-0B9234E73CF9}"
EndProject
Project("{FAE04EC0-301F-11D3-BF4B-00C04F79EFBC}") = "Utilidades", "Utilidades\Utilidades.csproj", "{6A729FAC-A6DB-4E30-857E-64E8805CC71A}"
EndProject
Project("{FAE04EC0-301F-11D3-BF4B-00C04F79EFBC}") = "Log4Net", "Log4Net\Log4Net.csproj", "{08F304F4-17B8-44D6-AA5E-CD334AD705DA}"
EndProject
Global
	GlobalSection(SolutionConfigurationPlatforms) = preSolution
		Debug|Any CPU = Debug|Any CPU
		Release|Any CPU = Release|Any CPU
	EndGlobalSection
	GlobalSection(ProjectConfigurationPlatforms) = postSolution
		{5BFCCBCF-CB07-4CB5-9264-0B9234E73CF9}.Debug|Any CPU.ActiveCfg = Debug|Any CPU
		{5BFCCBCF-CB07-4CB5-9264-0B9234E73CF9}.Debug|Any CPU.Build.0 = Debug|Any CPU
		{5BFCCBCF-CB07-4CB5-9264-0B9234E73CF9}.Release|Any CPU.ActiveCfg = Release|Any CPU
		{5BFCCBCF-CB07-4CB5-9264-0B9234E73CF9}.Release|Any CPU.Build.0 = Release|Any CPU
		{6A729FAC-A6DB-4E30-857E-64E8805CC71A}.Debug|Any CPU.ActiveCfg = Debug|Any CPU
		{6A729FAC-A6DB-4E30-857E-64E8805CC71A}.Debug|Any CPU.Build.0 = Debug|Any CPU
		{6A729FAC-A6DB-4E30-857E-64E8805CC71A}.Release|Any CPU.ActiveCfg = Release|Any CPU
		{6A729FAC-A6DB-4E30-857E-64E8805CC71A}.Release|Any CPU.Build.0 = Release|Any CPU
		{08F304F4-17B8-44D6-AA5E-CD334AD705DA}.Debug|Any CPU.ActiveCfg = Debug|Any CPU
		{08F304F4-17B8-44D6-AA5E-CD334AD705DA}.Debug|Any CPU.Build.0 = Debug|Any CPU
		{08F304F4-17B8-44D6-AA5E-CD334AD705DA}.Release|Any CPU.ActiveCfg = Release|Any CPU
		{08F304F4-17B8-44D6-AA5E-CD334AD705DA}.Release|Any CPU.Build.0 = Release|Any CPU
	EndGlobalSection
	GlobalSection(SolutionProperties) = preSolution
		HideSolutionNode = FALSE
	EndGlobalSection
	GlobalSection(ExtensibilityGlobals) = postSolution
		SolutionGuid = {2CA903BE-752A-4EC7-ACD1-2F948F177AE6}
	EndGlobalSection
EndGlobal
